
Microsoft Visual Studio Solution File, Format Version 12.00
# Visual Studio Version 17
VisualStudioVersion = 17.1.32328.378
MinimumVisualStudioVersion = 10.0.40219.1
Project("{FAE04EC0-301F-11D3-BF4B-00C04F79EFBC}") = "CS_Employee_Payroll", "CS_Employee_Payroll\CS_Employee_Payroll.csproj", "{DE9B093B-A300-4811-9A0A-69B6F38E826E}"
EndProject
Global
	GlobalSection(SolutionConfigurationPlatforms) = preSolution
		Debug|Any CPU = Debug|Any CPU
		Release|Any CPU = Release|Any CPU
	EndGlobalSection
	GlobalSection(ProjectConfigurationPlatforms) = postSolution
		{DE9B093B-A300-4811-9A0A-69B6F38E826E}.Debug|Any CPU.ActiveCfg = Debug|Any CPU
		{DE9B093B-A300-4811-9A0A-69B6F38E826E}.Debug|Any CPU.Build.0 = Debug|Any CPU
		{DE9B093B-A300-4811-9A0A-69B6F38E826E}.Release|Any CPU.ActiveCfg = Release|Any CPU
		{DE9B093B-A300-4811-9A0A-69B6F38E826E}.Release|Any CPU.Build.0 = Release|Any CPU
	EndGlobalSection
	GlobalSection(SolutionProperties) = preSolution
		HideSolutionNode = FALSE
	EndGlobalSection
	GlobalSection(ExtensibilityGlobals) = postSolution
		SolutionGuid = {A1802FC7-1EDA-424D-ADE4-D03F2DAB82B1}
	EndGlobalSection
EndGlobal
